// !$*UTF8*$!
{
	archiveVersion = 1;
	classes = {
	};
	objectVersion = 48;
	objects = {

/* Begin PBXBuildFile section */
		4FD95221A90C9691D30E88C4 /* Pods_AdrianTestUITests.framework in Frameworks */ = {isa = PBXBuildFile; fileRef = BD737041D292171B81E714CB /* Pods_AdrianTestUITests.framework */; };
		8CAE3EA97B39D3A4FAEF0D59 /* Pods_AdrianTest.framework in Frameworks */ = {isa = PBXBuildFile; fileRef = 231CA0383DEB7D751F958DD9 /* Pods_AdrianTest.framework */; };
		9F3613B8B46EDFBCD93B7607 /* Pods_AdrianTestTests.framework in Frameworks */ = {isa = PBXBuildFile; fileRef = 097814939F2F7AB4BB4A90B4 /* Pods_AdrianTestTests.framework */; };
		D60DCEC91FD88BF5002878FB /* SearchBarContentView.swift in Sources */ = {isa = PBXBuildFile; fileRef = D60DCEC81FD88BF5002878FB /* SearchBarContentView.swift */; };
		D65711FB1FD7B78100692B27 /* BaseViewController.swift in Sources */ = {isa = PBXBuildFile; fileRef = D65711FA1FD7B78100692B27 /* BaseViewController.swift */; };
		D65711FD1FD7BA6100692B27 /* iOSDevCenters+GIF.swift in Sources */ = {isa = PBXBuildFile; fileRef = D65711FC1FD7BA6100692B27 /* iOSDevCenters+GIF.swift */; };
		D6B3E7921FD7AA5000FD8C65 /* MediaCell.swift in Sources */ = {isa = PBXBuildFile; fileRef = D6B3E7911FD7AA5000FD8C65 /* MediaCell.swift */; };
		D6B3E7941FD7AEC800FD8C65 /* ImageExtension.swift in Sources */ = {isa = PBXBuildFile; fileRef = D6B3E7931FD7AEC800FD8C65 /* ImageExtension.swift */; };
		D6BDE2EC1FD7328600238CE5 /* AppDelegate.swift in Sources */ = {isa = PBXBuildFile; fileRef = D6BDE2EB1FD7328600238CE5 /* AppDelegate.swift */; };
		D6BDE2EE1FD7328600238CE5 /* ViewController.swift in Sources */ = {isa = PBXBuildFile; fileRef = D6BDE2ED1FD7328600238CE5 /* ViewController.swift */; };
		D6BDE2F11FD7328600238CE5 /* Main.storyboard in Resources */ = {isa = PBXBuildFile; fileRef = D6BDE2EF1FD7328600238CE5 /* Main.storyboard */; };
		D6BDE2F31FD7328600238CE5 /* Assets.xcassets in Resources */ = {isa = PBXBuildFile; fileRef = D6BDE2F21FD7328600238CE5 /* Assets.xcassets */; };
		D6BDE2F61FD7328600238CE5 /* LaunchScreen.storyboard in Resources */ = {isa = PBXBuildFile; fileRef = D6BDE2F41FD7328600238CE5 /* LaunchScreen.storyboard */; };
		D6BDE3011FD7328600238CE5 /* AdrianTestTests.swift in Sources */ = {isa = PBXBuildFile; fileRef = D6BDE3001FD7328600238CE5 /* AdrianTestTests.swift */; };
		D6BDE30C1FD7328700238CE5 /* AdrianTestUITests.swift in Sources */ = {isa = PBXBuildFile; fileRef = D6BDE30B1FD7328700238CE5 /* AdrianTestUITests.swift */; };
		D6BDE31F1FD734AA00238CE5 /* Constant.swift in Sources */ = {isa = PBXBuildFile; fileRef = D6BDE31E1FD734AA00238CE5 /* Constant.swift */; };
		D6BDE3261FD734CE00238CE5 /* APIManager.swift in Sources */ = {isa = PBXBuildFile; fileRef = D6BDE3211FD734CD00238CE5 /* APIManager.swift */; };
		D6BDE3271FD734CE00238CE5 /* BaseRouter.swift in Sources */ = {isa = PBXBuildFile; fileRef = D6BDE3231FD734CE00238CE5 /* BaseRouter.swift */; };
		D6BDE3281FD734CE00238CE5 /* MediaRouter.swift in Sources */ = {isa = PBXBuildFile; fileRef = D6BDE3251FD734CE00238CE5 /* MediaRouter.swift */; };
		D6BDE32C1FD734D600238CE5 /* MediaModel.swift in Sources */ = {isa = PBXBuildFile; fileRef = D6BDE32A1FD734D600238CE5 /* MediaModel.swift */; };
		D6BDE32D1FD734D600238CE5 /* Tags.swift in Sources */ = {isa = PBXBuildFile; fileRef = D6BDE32B1FD734D600238CE5 /* Tags.swift */; };
		D6BDE3301FD7382800238CE5 /* MediaManager.swift in Sources */ = {isa = PBXBuildFile; fileRef = D6BDE32F1FD7382800238CE5 /* MediaManager.swift */; };
/* End PBXBuildFile section */

/* Begin PBXContainerItemProxy section */
		D6BDE2FD1FD7328600238CE5 /* PBXContainerItemProxy */ = {
			isa = PBXContainerItemProxy;
			containerPortal = D6BDE2E01FD7328600238CE5 /* Project object */;
			proxyType = 1;
			remoteGlobalIDString = D6BDE2E71FD7328600238CE5;
			remoteInfo = AdrianTest;
		};
		D6BDE3081FD7328700238CE5 /* PBXContainerItemProxy */ = {
			isa = PBXContainerItemProxy;
			containerPortal = D6BDE2E01FD7328600238CE5 /* Project object */;
			proxyType = 1;
			remoteGlobalIDString = D6BDE2E71FD7328600238CE5;
			remoteInfo = AdrianTest;
		};
/* End PBXContainerItemProxy section */

/* Begin PBXFileReference section */
		00FF06BF4BBECB5DCA3E46C6 /* Pods-AdrianTestTests.release.xcconfig */ = {isa = PBXFileReference; includeInIndex = 1; lastKnownFileType = text.xcconfig; name = "Pods-AdrianTestTests.release.xcconfig"; path = "Pods/Target Support Files/Pods-AdrianTestTests/Pods-AdrianTestTests.release.xcconfig"; sourceTree = "<group>"; };
		097814939F2F7AB4BB4A90B4 /* Pods_AdrianTestTests.framework */ = {isa = PBXFileReference; explicitFileType = wrapper.framework; includeInIndex = 0; path = Pods_AdrianTestTests.framework; sourceTree = BUILT_PRODUCTS_DIR; };
		1106EFC48E1E2DCADA2FC6E3 /* Pods-AdrianTest.release.xcconfig */ = {isa = PBXFileReference; includeInIndex = 1; lastKnownFileType = text.xcconfig; name = "Pods-AdrianTest.release.xcconfig"; path = "Pods/Target Support Files/Pods-AdrianTest/Pods-AdrianTest.release.xcconfig"; sourceTree = "<group>"; };
		231CA0383DEB7D751F958DD9 /* Pods_AdrianTest.framework */ = {isa = PBXFileReference; explicitFileType = wrapper.framework; includeInIndex = 0; path = Pods_AdrianTest.framework; sourceTree = BUILT_PRODUCTS_DIR; };
		233F0B29B9C9DFA13B66B847 /* Pods-AdrianTestUITests.debug.xcconfig */ = {isa = PBXFileReference; includeInIndex = 1; lastKnownFileType = text.xcconfig; name = "Pods-AdrianTestUITests.debug.xcconfig"; path = "Pods/Target Support Files/Pods-AdrianTestUITests/Pods-AdrianTestUITests.debug.xcconfig"; sourceTree = "<group>"; };
		2F788FBF7A99608048BF532D /* Pods-AdrianTestTests.debug.xcconfig */ = {isa = PBXFileReference; includeInIndex = 1; lastKnownFileType = text.xcconfig; name = "Pods-AdrianTestTests.debug.xcconfig"; path = "Pods/Target Support Files/Pods-AdrianTestTests/Pods-AdrianTestTests.debug.xcconfig"; sourceTree = "<group>"; };
		802317DFC6C497AF75E47372 /* Pods-AdrianTestUITests.release.xcconfig */ = {isa = PBXFileReference; includeInIndex = 1; lastKnownFileType = text.xcconfig; name = "Pods-AdrianTestUITests.release.xcconfig"; path = "Pods/Target Support Files/Pods-AdrianTestUITests/Pods-AdrianTestUITests.release.xcconfig"; sourceTree = "<group>"; };
		BD737041D292171B81E714CB /* Pods_AdrianTestUITests.framework */ = {isa = PBXFileReference; explicitFileType = wrapper.framework; includeInIndex = 0; path = Pods_AdrianTestUITests.framework; sourceTree = BUILT_PRODUCTS_DIR; };
		CD6A9961D3D3037CCCF51845 /* Pods-AdrianTest.debug.xcconfig */ = {isa = PBXFileReference; includeInIndex = 1; lastKnownFileType = text.xcconfig; name = "Pods-AdrianTest.debug.xcconfig"; path = "Pods/Target Support Files/Pods-AdrianTest/Pods-AdrianTest.debug.xcconfig"; sourceTree = "<group>"; };
		D60DCEC81FD88BF5002878FB /* SearchBarContentView.swift */ = {isa = PBXFileReference; lastKnownFileType = sourcecode.swift; path = SearchBarContentView.swift; sourceTree = "<group>"; };
		D65711FA1FD7B78100692B27 /* BaseViewController.swift */ = {isa = PBXFileReference; lastKnownFileType = sourcecode.swift; path = BaseViewController.swift; sourceTree = "<group>"; };
		D65711FC1FD7BA6100692B27 /* iOSDevCenters+GIF.swift */ = {isa = PBXFileReference; fileEncoding = 4; lastKnownFileType = sourcecode.swift; path = "iOSDevCenters+GIF.swift"; sourceTree = "<group>"; };
		D6B3E7911FD7AA5000FD8C65 /* MediaCell.swift */ = {isa = PBXFileReference; lastKnownFileType = sourcecode.swift; path = MediaCell.swift; sourceTree = "<group>"; };
		D6B3E7931FD7AEC800FD8C65 /* ImageExtension.swift */ = {isa = PBXFileReference; lastKnownFileType = sourcecode.swift; path = ImageExtension.swift; sourceTree = "<group>"; };
		D6BDE2E81FD7328600238CE5 /* AdrianTest.app */ = {isa = PBXFileReference; explicitFileType = wrapper.application; includeInIndex = 0; path = AdrianTest.app; sourceTree = BUILT_PRODUCTS_DIR; };
		D6BDE2EB1FD7328600238CE5 /* AppDelegate.swift */ = {isa = PBXFileReference; lastKnownFileType = sourcecode.swift; path = AppDelegate.swift; sourceTree = "<group>"; };
		D6BDE2ED1FD7328600238CE5 /* ViewController.swift */ = {isa = PBXFileReference; lastKnownFileType = sourcecode.swift; path = ViewController.swift; sourceTree = "<group>"; };
		D6BDE2F01FD7328600238CE5 /* Base */ = {isa = PBXFileReference; lastKnownFileType = file.storyboard; name = Base; path = Base.lproj/Main.storyboard; sourceTree = "<group>"; };
		D6BDE2F21FD7328600238CE5 /* Assets.xcassets */ = {isa = PBXFileReference; lastKnownFileType = folder.assetcatalog; path = Assets.xcassets; sourceTree = "<group>"; };
		D6BDE2F51FD7328600238CE5 /* Base */ = {isa = PBXFileReference; lastKnownFileType = file.storyboard; name = Base; path = Base.lproj/LaunchScreen.storyboard; sourceTree = "<group>"; };
		D6BDE2F71FD7328600238CE5 /* Info.plist */ = {isa = PBXFileReference; lastKnownFileType = text.plist.xml; path = Info.plist; sourceTree = "<group>"; };
		D6BDE2FC1FD7328600238CE5 /* AdrianTestTests.xctest */ = {isa = PBXFileReference; explicitFileType = wrapper.cfbundle; includeInIndex = 0; path = AdrianTestTests.xctest; sourceTree = BUILT_PRODUCTS_DIR; };
		D6BDE3001FD7328600238CE5 /* AdrianTestTests.swift */ = {isa = PBXFileReference; lastKnownFileType = sourcecode.swift; path = AdrianTestTests.swift; sourceTree = "<group>"; };
		D6BDE3021FD7328700238CE5 /* Info.plist */ = {isa = PBXFileReference; lastKnownFileType = text.plist.xml; path = Info.plist; sourceTree = "<group>"; };
		D6BDE3071FD7328700238CE5 /* AdrianTestUITests.xctest */ = {isa = PBXFileReference; explicitFileType = wrapper.cfbundle; includeInIndex = 0; path = AdrianTestUITests.xctest; sourceTree = BUILT_PRODUCTS_DIR; };
		D6BDE30B1FD7328700238CE5 /* AdrianTestUITests.swift */ = {isa = PBXFileReference; lastKnownFileType = sourcecode.swift; path = AdrianTestUITests.swift; sourceTree = "<group>"; };
		D6BDE30D1FD7328700238CE5 /* Info.plist */ = {isa = PBXFileReference; lastKnownFileType = text.plist.xml; path = Info.plist; sourceTree = "<group>"; };
		D6BDE31E1FD734AA00238CE5 /* Constant.swift */ = {isa = PBXFileReference; fileEncoding = 4; lastKnownFileType = sourcecode.swift; path = Constant.swift; sourceTree = "<group>"; };
		D6BDE3211FD734CD00238CE5 /* APIManager.swift */ = {isa = PBXFileReference; fileEncoding = 4; lastKnownFileType = sourcecode.swift; path = APIManager.swift; sourceTree = "<group>"; };
		D6BDE3231FD734CE00238CE5 /* BaseRouter.swift */ = {isa = PBXFileReference; fileEncoding = 4; lastKnownFileType = sourcecode.swift; path = BaseRouter.swift; sourceTree = "<group>"; };
		D6BDE3251FD734CE00238CE5 /* MediaRouter.swift */ = {isa = PBXFileReference; fileEncoding = 4; lastKnownFileType = sourcecode.swift; path = MediaRouter.swift; sourceTree = "<group>"; };
		D6BDE32A1FD734D600238CE5 /* MediaModel.swift */ = {isa = PBXFileReference; fileEncoding = 4; lastKnownFileType = sourcecode.swift; path = MediaModel.swift; sourceTree = "<group>"; };
		D6BDE32B1FD734D600238CE5 /* Tags.swift */ = {isa = PBXFileReference; fileEncoding = 4; lastKnownFileType = sourcecode.swift; path = Tags.swift; sourceTree = "<group>"; };
		D6BDE32F1FD7382800238CE5 /* MediaManager.swift */ = {isa = PBXFileReference; lastKnownFileType = sourcecode.swift; path = MediaManager.swift; sourceTree = "<group>"; };
/* End PBXFileReference section */

/* Begin PBXFrameworksBuildPhase section */
		D6BDE2E51FD7328600238CE5 /* Frameworks */ = {
			isa = PBXFrameworksBuildPhase;
			buildActionMask = 2147483647;
			files = (
				8CAE3EA97B39D3A4FAEF0D59 /* Pods_AdrianTest.framework in Frameworks */,
			);
			runOnlyForDeploymentPostprocessing = 0;
		};
		D6BDE2F91FD7328600238CE5 /* Frameworks */ = {
			isa = PBXFrameworksBuildPhase;
			buildActionMask = 2147483647;
			files = (
				9F3613B8B46EDFBCD93B7607 /* Pods_AdrianTestTests.framework in Frameworks */,
			);
			runOnlyForDeploymentPostprocessing = 0;
		};
		D6BDE3041FD7328700238CE5 /* Frameworks */ = {
			isa = PBXFrameworksBuildPhase;
			buildActionMask = 2147483647;
			files = (
				4FD95221A90C9691D30E88C4 /* Pods_AdrianTestUITests.framework in Frameworks */,
			);
			runOnlyForDeploymentPostprocessing = 0;
		};
/* End PBXFrameworksBuildPhase section */

/* Begin PBXGroup section */
		50EB13851960D1E3C5308B3B /* Pods */ = {
			isa = PBXGroup;
			children = (
				CD6A9961D3D3037CCCF51845 /* Pods-AdrianTest.debug.xcconfig */,
				1106EFC48E1E2DCADA2FC6E3 /* Pods-AdrianTest.release.xcconfig */,
				2F788FBF7A99608048BF532D /* Pods-AdrianTestTests.debug.xcconfig */,
				00FF06BF4BBECB5DCA3E46C6 /* Pods-AdrianTestTests.release.xcconfig */,
				233F0B29B9C9DFA13B66B847 /* Pods-AdrianTestUITests.debug.xcconfig */,
				802317DFC6C497AF75E47372 /* Pods-AdrianTestUITests.release.xcconfig */,
			);
			name = Pods;
			sourceTree = "<group>";
		};
		B0AA787E6A5722DC499B862C /* Frameworks */ = {
			isa = PBXGroup;
			children = (
				231CA0383DEB7D751F958DD9 /* Pods_AdrianTest.framework */,
				097814939F2F7AB4BB4A90B4 /* Pods_AdrianTestTests.framework */,
				BD737041D292171B81E714CB /* Pods_AdrianTestUITests.framework */,
			);
			name = Frameworks;
			sourceTree = "<group>";
		};
		D6B3E78F1FD7AA2100FD8C65 /* View */ = {
			isa = PBXGroup;
			children = (
				D6B3E7901FD7AA2900FD8C65 /* Cell */,
				D60DCEC81FD88BF5002878FB /* SearchBarContentView.swift */,
			);
			path = View;
			sourceTree = "<group>";
		};
		D6B3E7901FD7AA2900FD8C65 /* Cell */ = {
			isa = PBXGroup;
			children = (
				D6B3E7911FD7AA5000FD8C65 /* MediaCell.swift */,
			);
			path = Cell;
			sourceTree = "<group>";
		};
		D6BDE2DF1FD7328600238CE5 = {
			isa = PBXGroup;
			children = (
				D6BDE2EA1FD7328600238CE5 /* AdrianTest */,
				D6BDE2FF1FD7328600238CE5 /* AdrianTestTests */,
				D6BDE30A1FD7328700238CE5 /* AdrianTestUITests */,
				D6BDE2E91FD7328600238CE5 /* Products */,
				50EB13851960D1E3C5308B3B /* Pods */,
				B0AA787E6A5722DC499B862C /* Frameworks */,
			);
			sourceTree = "<group>";
		};
		D6BDE2E91FD7328600238CE5 /* Products */ = {
			isa = PBXGroup;
			children = (
				D6BDE2E81FD7328600238CE5 /* AdrianTest.app */,
				D6BDE2FC1FD7328600238CE5 /* AdrianTestTests.xctest */,
				D6BDE3071FD7328700238CE5 /* AdrianTestUITests.xctest */,
			);
			name = Products;
			sourceTree = "<group>";
		};
		D6BDE2EA1FD7328600238CE5 /* AdrianTest */ = {
			isa = PBXGroup;
			children = (
				D6BDE3191FD7342B00238CE5 /* Project */,
				D6BDE2EB1FD7328600238CE5 /* AppDelegate.swift */,
				D6BDE2EF1FD7328600238CE5 /* Main.storyboard */,
				D6BDE2F21FD7328600238CE5 /* Assets.xcassets */,
				D6BDE2F41FD7328600238CE5 /* LaunchScreen.storyboard */,
				D6BDE2F71FD7328600238CE5 /* Info.plist */,
			);
			path = AdrianTest;
			sourceTree = "<group>";
		};
		D6BDE2FF1FD7328600238CE5 /* AdrianTestTests */ = {
			isa = PBXGroup;
			children = (
				D6BDE3001FD7328600238CE5 /* AdrianTestTests.swift */,
				D6BDE3021FD7328700238CE5 /* Info.plist */,
			);
			path = AdrianTestTests;
			sourceTree = "<group>";
		};
		D6BDE30A1FD7328700238CE5 /* AdrianTestUITests */ = {
			isa = PBXGroup;
			children = (
				D6BDE30B1FD7328700238CE5 /* AdrianTestUITests.swift */,
				D6BDE30D1FD7328700238CE5 /* Info.plist */,
			);
			path = AdrianTestUITests;
			sourceTree = "<group>";
		};
		D6BDE3191FD7342B00238CE5 /* Project */ = {
			isa = PBXGroup;
			children = (
				D6B3E78F1FD7AA2100FD8C65 /* View */,
				D6BDE31D1FD7346800238CE5 /* Util */,
				D6BDE31C1FD7344A00238CE5 /* Service */,
				D6BDE31A1FD7343500238CE5 /* Model */,
				D6BDE31B1FD7343B00238CE5 /* Controller */,
			);
			path = Project;
			sourceTree = "<group>";
		};
		D6BDE31A1FD7343500238CE5 /* Model */ = {
			isa = PBXGroup;
			children = (
				D6BDE3291FD734D600238CE5 /* MediaModels */,
			);
			path = Model;
			sourceTree = "<group>";
		};
		D6BDE31B1FD7343B00238CE5 /* Controller */ = {
			isa = PBXGroup;
			children = (
				D6BDE2ED1FD7328600238CE5 /* ViewController.swift */,
				D65711FA1FD7B78100692B27 /* BaseViewController.swift */,
			);
			path = Controller;
			sourceTree = "<group>";
		};
		D6BDE31C1FD7344A00238CE5 /* Service */ = {
			isa = PBXGroup;
			children = (
				D6BDE3201FD734CD00238CE5 /* ApiManager */,
				D6BDE3221FD734CE00238CE5 /* Router */,
			);
			path = Service;
			sourceTree = "<group>";
		};
		D6BDE31D1FD7346800238CE5 /* Util */ = {
			isa = PBXGroup;
			children = (
				D6BDE31E1FD734AA00238CE5 /* Constant.swift */,
				D6B3E7931FD7AEC800FD8C65 /* ImageExtension.swift */,
				D65711FC1FD7BA6100692B27 /* iOSDevCenters+GIF.swift */,
			);
			path = Util;
			sourceTree = "<group>";
		};
		D6BDE3201FD734CD00238CE5 /* ApiManager */ = {
			isa = PBXGroup;
			children = (
				D6BDE32E1FD737AD00238CE5 /* MediaManager */,
				D6BDE3211FD734CD00238CE5 /* APIManager.swift */,
			);
			path = ApiManager;
			sourceTree = "<group>";
		};
		D6BDE3221FD734CE00238CE5 /* Router */ = {
			isa = PBXGroup;
			children = (
				D6BDE3231FD734CE00238CE5 /* BaseRouter.swift */,
				D6BDE3241FD734CE00238CE5 /* MediaRouter */,
			);
			path = Router;
			sourceTree = "<group>";
		};
		D6BDE3241FD734CE00238CE5 /* MediaRouter */ = {
			isa = PBXGroup;
			children = (
				D6BDE3251FD734CE00238CE5 /* MediaRouter.swift */,
			);
			path = MediaRouter;
			sourceTree = "<group>";
		};
		D6BDE3291FD734D600238CE5 /* MediaModels */ = {
			isa = PBXGroup;
			children = (
				D6BDE32A1FD734D600238CE5 /* MediaModel.swift */,
				D6BDE32B1FD734D600238CE5 /* Tags.swift */,
			);
			path = MediaModels;
			sourceTree = "<group>";
		};
		D6BDE32E1FD737AD00238CE5 /* MediaManager */ = {
			isa = PBXGroup;
			children = (
				D6BDE32F1FD7382800238CE5 /* MediaManager.swift */,
			);
			path = MediaManager;
			sourceTree = "<group>";
		};
/* End PBXGroup section */

/* Begin PBXNativeTarget section */
		D6BDE2E71FD7328600238CE5 /* AdrianTest */ = {
			isa = PBXNativeTarget;
			buildConfigurationList = D6BDE3101FD7328700238CE5 /* Build configuration list for PBXNativeTarget "AdrianTest" */;
			buildPhases = (
				3BE4CD58CAC10789FA733F8F /* [CP] Check Pods Manifest.lock */,
				D6BDE2E41FD7328600238CE5 /* Sources */,
				D6BDE2E51FD7328600238CE5 /* Frameworks */,
				D6BDE2E61FD7328600238CE5 /* Resources */,
				BA57B3849FBFC42591D8575B /* [CP] Embed Pods Frameworks */,
				082CD1A11FF8838436A9C7D0 /* [CP] Copy Pods Resources */,
			);
			buildRules = (
			);
			dependencies = (
			);
			name = AdrianTest;
			productName = AdrianTest;
			productReference = D6BDE2E81FD7328600238CE5 /* AdrianTest.app */;
			productType = "com.apple.product-type.application";
		};
		D6BDE2FB1FD7328600238CE5 /* AdrianTestTests */ = {
			isa = PBXNativeTarget;
			buildConfigurationList = D6BDE3131FD7328700238CE5 /* Build configuration list for PBXNativeTarget "AdrianTestTests" */;
			buildPhases = (
				58DA17F109A6F4737C02AC84 /* [CP] Check Pods Manifest.lock */,
				D6BDE2F81FD7328600238CE5 /* Sources */,
				D6BDE2F91FD7328600238CE5 /* Frameworks */,
				D6BDE2FA1FD7328600238CE5 /* Resources */,
				A63C67267F45A9D0F62A0FC7 /* [CP] Embed Pods Frameworks */,
				AB1CBEC9E3944E327DFD815D /* [CP] Copy Pods Resources */,
			);
			buildRules = (
			);
			dependencies = (
				D6BDE2FE1FD7328600238CE5 /* PBXTargetDependency */,
			);
			name = AdrianTestTests;
			productName = AdrianTestTests;
			productReference = D6BDE2FC1FD7328600238CE5 /* AdrianTestTests.xctest */;
			productType = "com.apple.product-type.bundle.unit-test";
		};
		D6BDE3061FD7328700238CE5 /* AdrianTestUITests */ = {
			isa = PBXNativeTarget;
			buildConfigurationList = D6BDE3161FD7328700238CE5 /* Build configuration list for PBXNativeTarget "AdrianTestUITests" */;
			buildPhases = (
				61C186029DBA5411598B17A2 /* [CP] Check Pods Manifest.lock */,
				D6BDE3031FD7328700238CE5 /* Sources */,
				D6BDE3041FD7328700238CE5 /* Frameworks */,
				D6BDE3051FD7328700238CE5 /* Resources */,
				3C0917FE8D7CC34244E40E8B /* [CP] Embed Pods Frameworks */,
				2D5C3EE49FB5DDC5BE93581F /* [CP] Copy Pods Resources */,
			);
			buildRules = (
			);
			dependencies = (
				D6BDE3091FD7328700238CE5 /* PBXTargetDependency */,
			);
			name = AdrianTestUITests;
			productName = AdrianTestUITests;
			productReference = D6BDE3071FD7328700238CE5 /* AdrianTestUITests.xctest */;
			productType = "com.apple.product-type.bundle.ui-testing";
		};
/* End PBXNativeTarget section */

/* Begin PBXProject section */
		D6BDE2E01FD7328600238CE5 /* Project object */ = {
			isa = PBXProject;
			attributes = {
				LastSwiftUpdateCheck = 0910;
				LastUpgradeCheck = 0910;
				ORGANIZATIONNAME = "Dhanushka Adrian";
				TargetAttributes = {
					D6BDE2E71FD7328600238CE5 = {
						CreatedOnToolsVersion = 9.1;
						ProvisioningStyle = Automatic;
					};
					D6BDE2FB1FD7328600238CE5 = {
						CreatedOnToolsVersion = 9.1;
						ProvisioningStyle = Automatic;
						TestTargetID = D6BDE2E71FD7328600238CE5;
					};
					D6BDE3061FD7328700238CE5 = {
						CreatedOnToolsVersion = 9.1;
						ProvisioningStyle = Automatic;
						TestTargetID = D6BDE2E71FD7328600238CE5;
					};
				};
			};
			buildConfigurationList = D6BDE2E31FD7328600238CE5 /* Build configuration list for PBXProject "AdrianTest" */;
			compatibilityVersion = "Xcode 8.0";
			developmentRegion = en;
			hasScannedForEncodings = 0;
			knownRegions = (
				en,
				Base,
			);
			mainGroup = D6BDE2DF1FD7328600238CE5;
			productRefGroup = D6BDE2E91FD7328600238CE5 /* Products */;
			projectDirPath = "";
			projectRoot = "";
			targets = (
				D6BDE2E71FD7328600238CE5 /* AdrianTest */,
				D6BDE2FB1FD7328600238CE5 /* AdrianTestTests */,
				D6BDE3061FD7328700238CE5 /* AdrianTestUITests */,
			);
		};
/* End PBXProject section */

/* Begin PBXResourcesBuildPhase section */
		D6BDE2E61FD7328600238CE5 /* Resources */ = {
			isa = PBXResourcesBuildPhase;
			buildActionMask = 2147483647;
			files = (
				D6BDE2F61FD7328600238CE5 /* LaunchScreen.storyboard in Resources */,
				D6BDE2F31FD7328600238CE5 /* Assets.xcassets in Resources */,
				D6BDE2F11FD7328600238CE5 /* Main.storyboard in Resources */,
			);
			runOnlyForDeploymentPostprocessing = 0;
		};
		D6BDE2FA1FD7328600238CE5 /* Resources */ = {
			isa = PBXResourcesBuildPhase;
			buildActionMask = 2147483647;
			files = (
			);
			runOnlyForDeploymentPostprocessing = 0;
		};
		D6BDE3051FD7328700238CE5 /* Resources */ = {
			isa = PBXResourcesBuildPhase;
			buildActionMask = 2147483647;
			files = (
			);
			runOnlyForDeploymentPostprocessing = 0;
		};
/* End PBXResourcesBuildPhase section */

/* Begin PBXShellScriptBuildPhase section */
		082CD1A11FF8838436A9C7D0 /* [CP] Copy Pods Resources */ = {
			isa = PBXShellScriptBuildPhase;
			buildActionMask = 2147483647;
			files = (
			);
			inputPaths = (
			);
			name = "[CP] Copy Pods Resources";
			outputPaths = (
			);
			runOnlyForDeploymentPostprocessing = 0;
			shellPath = /bin/sh;
			shellScript = "\"${SRCROOT}/Pods/Target Support Files/Pods-AdrianTest/Pods-AdrianTest-resources.sh\"\n";
			showEnvVarsInLog = 0;
		};
		2D5C3EE49FB5DDC5BE93581F /* [CP] Copy Pods Resources */ = {
			isa = PBXShellScriptBuildPhase;
			buildActionMask = 2147483647;
			files = (
			);
			inputPaths = (
			);
			name = "[CP] Copy Pods Resources";
			outputPaths = (
			);
			runOnlyForDeploymentPostprocessing = 0;
			shellPath = /bin/sh;
			shellScript = "\"${SRCROOT}/Pods/Target Support Files/Pods-AdrianTestUITests/Pods-AdrianTestUITests-resources.sh\"\n";
			showEnvVarsInLog = 0;
		};
		3BE4CD58CAC10789FA733F8F /* [CP] Check Pods Manifest.lock */ = {
			isa = PBXShellScriptBuildPhase;
			buildActionMask = 2147483647;
			files = (
			);
			inputPaths = (
				"${PODS_PODFILE_DIR_PATH}/Podfile.lock",
				"${PODS_ROOT}/Manifest.lock",
			);
			name = "[CP] Check Pods Manifest.lock";
			outputPaths = (
				"$(DERIVED_FILE_DIR)/Pods-AdrianTest-checkManifestLockResult.txt",
			);
			runOnlyForDeploymentPostprocessing = 0;
			shellPath = /bin/sh;
			shellScript = "diff \"${PODS_PODFILE_DIR_PATH}/Podfile.lock\" \"${PODS_ROOT}/Manifest.lock\" > /dev/null\nif [ $? != 0 ] ; then\n    # print error to STDERR\n    echo \"error: The sandbox is not in sync with the Podfile.lock. Run 'pod install' or update your CocoaPods installation.\" >&2\n    exit 1\nfi\n# This output is used by Xcode 'outputs' to avoid re-running this script phase.\necho \"SUCCESS\" > \"${SCRIPT_OUTPUT_FILE_0}\"\n";
			showEnvVarsInLog = 0;
		};
		3C0917FE8D7CC34244E40E8B /* [CP] Embed Pods Frameworks */ = {
			isa = PBXShellScriptBuildPhase;
			buildActionMask = 2147483647;
			files = (
			);
			inputPaths = (
				"${SRCROOT}/Pods/Target Support Files/Pods-AdrianTestUITests/Pods-AdrianTestUITests-frameworks.sh",
				"${BUILT_PRODUCTS_DIR}/RxSwift/RxSwift.framework",
				"${BUILT_PRODUCTS_DIR}/RxBlocking/RxBlocking.framework",
				"${BUILT_PRODUCTS_DIR}/RxTest/RxTest.framework",
			);
			name = "[CP] Embed Pods Frameworks";
			outputPaths = (
				"${TARGET_BUILD_DIR}/${FRAMEWORKS_FOLDER_PATH}/RxSwift.framework",
				"${TARGET_BUILD_DIR}/${FRAMEWORKS_FOLDER_PATH}/RxBlocking.framework",
				"${TARGET_BUILD_DIR}/${FRAMEWORKS_FOLDER_PATH}/RxTest.framework",
			);
			runOnlyForDeploymentPostprocessing = 0;
			shellPath = /bin/sh;
			shellScript = "\"${SRCROOT}/Pods/Target Support Files/Pods-AdrianTestUITests/Pods-AdrianTestUITests-frameworks.sh\"\n";
			showEnvVarsInLog = 0;
		};
		58DA17F109A6F4737C02AC84 /* [CP] Check Pods Manifest.lock */ = {
			isa = PBXShellScriptBuildPhase;
			buildActionMask = 2147483647;
			files = (
			);
			inputPaths = (
				"${PODS_PODFILE_DIR_PATH}/Podfile.lock",
				"${PODS_ROOT}/Manifest.lock",
			);
			name = "[CP] Check Pods Manifest.lock";
			outputPaths = (
				"$(DERIVED_FILE_DIR)/Pods-AdrianTestTests-checkManifestLockResult.txt",
			);
			runOnlyForDeploymentPostprocessing = 0;
			shellPath = /bin/sh;
			shellScript = "diff \"${PODS_PODFILE_DIR_PATH}/Podfile.lock\" \"${PODS_ROOT}/Manifest.lock\" > /dev/null\nif [ $? != 0 ] ; then\n    # print error to STDERR\n    echo \"error: The sandbox is not in sync with the Podfile.lock. Run 'pod install' or update your CocoaPods installation.\" >&2\n    exit 1\nfi\n# This output is used by Xcode 'outputs' to avoid re-running this script phase.\necho \"SUCCESS\" > \"${SCRIPT_OUTPUT_FILE_0}\"\n";
			showEnvVarsInLog = 0;
		};
		61C186029DBA5411598B17A2 /* [CP] Check Pods Manifest.lock */ = {
			isa = PBXShellScriptBuildPhase;
			buildActionMask = 2147483647;
			files = (
			);
			inputPaths = (
				"${PODS_PODFILE_DIR_PATH}/Podfile.lock",
				"${PODS_ROOT}/Manifest.lock",
			);
			name = "[CP] Check Pods Manifest.lock";
			outputPaths = (
				"$(DERIVED_FILE_DIR)/Pods-AdrianTestUITests-checkManifestLockResult.txt",
			);
			runOnlyForDeploymentPostprocessing = 0;
			shellPath = /bin/sh;
			shellScript = "diff \"${PODS_PODFILE_DIR_PATH}/Podfile.lock\" \"${PODS_ROOT}/Manifest.lock\" > /dev/null\nif [ $? != 0 ] ; then\n    # print error to STDERR\n    echo \"error: The sandbox is not in sync with the Podfile.lock. Run 'pod install' or update your CocoaPods installation.\" >&2\n    exit 1\nfi\n# This output is used by Xcode 'outputs' to avoid re-running this script phase.\necho \"SUCCESS\" > \"${SCRIPT_OUTPUT_FILE_0}\"\n";
			showEnvVarsInLog = 0;
		};
		A63C67267F45A9D0F62A0FC7 /* [CP] Embed Pods Frameworks */ = {
			isa = PBXShellScriptBuildPhase;
			buildActionMask = 2147483647;
			files = (
			);
			inputPaths = (
			);
			name = "[CP] Embed Pods Frameworks";
			outputPaths = (
			);
			runOnlyForDeploymentPostprocessing = 0;
			shellPath = /bin/sh;
			shellScript = "\"${SRCROOT}/Pods/Target Support Files/Pods-AdrianTestTests/Pods-AdrianTestTests-frameworks.sh\"\n";
			showEnvVarsInLog = 0;
		};
		AB1CBEC9E3944E327DFD815D /* [CP] Copy Pods Resources */ = {
			isa = PBXShellScriptBuildPhase;
			buildActionMask = 2147483647;
			files = (
			);
			inputPaths = (
			);
			name = "[CP] Copy Pods Resources";
			outputPaths = (
			);
			runOnlyForDeploymentPostprocessing = 0;
			shellPath = /bin/sh;
			shellScript = "\"${SRCROOT}/Pods/Target Support Files/Pods-AdrianTestTests/Pods-AdrianTestTests-resources.sh\"\n";
			showEnvVarsInLog = 0;
		};
		BA57B3849FBFC42591D8575B /* [CP] Embed Pods Frameworks */ = {
			isa = PBXShellScriptBuildPhase;
			buildActionMask = 2147483647;
			files = (
			);
			inputPaths = (
				"${SRCROOT}/Pods/Target Support Files/Pods-AdrianTest/Pods-AdrianTest-frameworks.sh",
				"${BUILT_PRODUCTS_DIR}/Alamofire/Alamofire.framework",
				"${BUILT_PRODUCTS_DIR}/RxCocoa/RxCocoa.framework",
				"${BUILT_PRODUCTS_DIR}/RxSwift/RxSwift.framework",
				"${BUILT_PRODUCTS_DIR}/SwiftyJSON/SwiftyJSON.framework",
			);
			name = "[CP] Embed Pods Frameworks";
			outputPaths = (
				"${TARGET_BUILD_DIR}/${FRAMEWORKS_FOLDER_PATH}/Alamofire.framework",
				"${TARGET_BUILD_DIR}/${FRAMEWORKS_FOLDER_PATH}/RxCocoa.framework",
				"${TARGET_BUILD_DIR}/${FRAMEWORKS_FOLDER_PATH}/RxSwift.framework",
				"${TARGET_BUILD_DIR}/${FRAMEWORKS_FOLDER_PATH}/SwiftyJSON.framework",
			);
			runOnlyForDeploymentPostprocessing = 0;
			shellPath = /bin/sh;
			shellScript = "\"${SRCROOT}/Pods/Target Support Files/Pods-AdrianTest/Pods-AdrianTest-frameworks.sh\"\n";
			showEnvVarsInLog = 0;
		};
/* End PBXShellScriptBuildPhase section */

/* Begin PBXSourcesBuildPhase section */
		D6BDE2E41FD7328600238CE5 /* Sources */ = {
			isa = PBXSourcesBuildPhase;
			buildActionMask = 2147483647;
			files = (
				D6BDE3261FD734CE00238CE5 /* APIManager.swift in Sources */,
				D6BDE2EE1FD7328600238CE5 /* ViewController.swift in Sources */,
				D6B3E7921FD7AA5000FD8C65 /* MediaCell.swift in Sources */,
				D6BDE3271FD734CE00238CE5 /* BaseRouter.swift in Sources */,
				D6BDE32C1FD734D600238CE5 /* MediaModel.swift in Sources */,
				D65711FD1FD7BA6100692B27 /* iOSDevCenters+GIF.swift in Sources */,
				D65711FB1FD7B78100692B27 /* BaseViewController.swift in Sources */,
				D6BDE3301FD7382800238CE5 /* MediaManager.swift in Sources */,
				D60DCEC91FD88BF5002878FB /* SearchBarContentView.swift in Sources */,
				D6BDE32D1FD734D600238CE5 /* Tags.swift in Sources */,
				D6BDE3281FD734CE00238CE5 /* MediaRouter.swift in Sources */,
				D6BDE2EC1FD7328600238CE5 /* AppDelegate.swift in Sources */,
				D6B3E7941FD7AEC800FD8C65 /* ImageExtension.swift in Sources */,
				D6BDE31F1FD734AA00238CE5 /* Constant.swift in Sources */,
			);
			runOnlyForDeploymentPostprocessing = 0;
		};
		D6BDE2F81FD7328600238CE5 /* Sources */ = {
			isa = PBXSourcesBuildPhase;
			buildActionMask = 2147483647;
			files = (
				D6BDE3011FD7328600238CE5 /* AdrianTestTests.swift in Sources */,
			);
			runOnlyForDeploymentPostprocessing = 0;
		};
		D6BDE3031FD7328700238CE5 /* Sources */ = {
			isa = PBXSourcesBuildPhase;
			buildActionMask = 2147483647;
			files = (
				D6BDE30C1FD7328700238CE5 /* AdrianTestUITests.swift in Sources */,
			);
			runOnlyForDeploymentPostprocessing = 0;
		};
/* End PBXSourcesBuildPhase section */

/* Begin PBXTargetDependency section */
		D6BDE2FE1FD7328600238CE5 /* PBXTargetDependency */ = {
			isa = PBXTargetDependency;
			target = D6BDE2E71FD7328600238CE5 /* AdrianTest */;
			targetProxy = D6BDE2FD1FD7328600238CE5 /* PBXContainerItemProxy */;
		};
		D6BDE3091FD7328700238CE5 /* PBXTargetDependency */ = {
			isa = PBXTargetDependency;
			target = D6BDE2E71FD7328600238CE5 /* AdrianTest */;
			targetProxy = D6BDE3081FD7328700238CE5 /* PBXContainerItemProxy */;
		};
/* End PBXTargetDependency section */

/* Begin PBXVariantGroup section */
		D6BDE2EF1FD7328600238CE5 /* Main.storyboard */ = {
			isa = PBXVariantGroup;
			children = (
				D6BDE2F01FD7328600238CE5 /* Base */,
			);
			name = Main.storyboard;
			sourceTree = "<group>";
		};
		D6BDE2F41FD7328600238CE5 /* LaunchScreen.storyboard */ = {
			isa = PBXVariantGroup;
			children = (
				D6BDE2F51FD7328600238CE5 /* Base */,
			);
			name = LaunchScreen.storyboard;
			sourceTree = "<group>";
		};
/* End PBXVariantGroup section */

/* Begin XCBuildConfiguration section */
		D6BDE30E1FD7328700238CE5 /* Debug */ = {
			isa = XCBuildConfiguration;
			buildSettings = {
				ALWAYS_SEARCH_USER_PATHS = NO;
				CLANG_ANALYZER_NONNULL = YES;
				CLANG_ANALYZER_NUMBER_OBJECT_CONVERSION = YES_AGGRESSIVE;
				CLANG_CXX_LANGUAGE_STANDARD = "gnu++14";
				CLANG_CXX_LIBRARY = "libc++";
				CLANG_ENABLE_MODULES = YES;
				CLANG_ENABLE_OBJC_ARC = YES;
				CLANG_WARN_BLOCK_CAPTURE_AUTORELEASING = YES;
				CLANG_WARN_BOOL_CONVERSION = YES;
				CLANG_WARN_COMMA = YES;
				CLANG_WARN_CONSTANT_CONVERSION = YES;
				CLANG_WARN_DIRECT_OBJC_ISA_USAGE = YES_ERROR;
				CLANG_WARN_DOCUMENTATION_COMMENTS = YES;
				CLANG_WARN_EMPTY_BODY = YES;
				CLANG_WARN_ENUM_CONVERSION = YES;
				CLANG_WARN_INFINITE_RECURSION = YES;
				CLANG_WARN_INT_CONVERSION = YES;
				CLANG_WARN_NON_LITERAL_NULL_CONVERSION = YES;
				CLANG_WARN_OBJC_LITERAL_CONVERSION = YES;
				CLANG_WARN_OBJC_ROOT_CLASS = YES_ERROR;
				CLANG_WARN_RANGE_LOOP_ANALYSIS = YES;
				CLANG_WARN_STRICT_PROTOTYPES = YES;
				CLANG_WARN_SUSPICIOUS_MOVE = YES;
				CLANG_WARN_UNGUARDED_AVAILABILITY = YES_AGGRESSIVE;
				CLANG_WARN_UNREACHABLE_CODE = YES;
				CLANG_WARN__DUPLICATE_METHOD_MATCH = YES;
				CODE_SIGN_IDENTITY = "iPhone Developer";
				COPY_PHASE_STRIP = NO;
				DEBUG_INFORMATION_FORMAT = dwarf;
				ENABLE_STRICT_OBJC_MSGSEND = YES;
				ENABLE_TESTABILITY = YES;
				GCC_C_LANGUAGE_STANDARD = gnu11;
				GCC_DYNAMIC_NO_PIC = NO;
				GCC_NO_COMMON_BLOCKS = YES;
				GCC_OPTIMIZATION_LEVEL = 0;
				GCC_PREPROCESSOR_DEFINITIONS = (
					"DEBUG=1",
					"$(inherited)",
				);
				GCC_WARN_64_TO_32_BIT_CONVERSION = YES;
				GCC_WARN_ABOUT_RETURN_TYPE = YES_ERROR;
				GCC_WARN_UNDECLARED_SELECTOR = YES;
				GCC_WARN_UNINITIALIZED_AUTOS = YES_AGGRESSIVE;
				GCC_WARN_UNUSED_FUNCTION = YES;
				GCC_WARN_UNUSED_VARIABLE = YES;
				IPHONEOS_DEPLOYMENT_TARGET = 11.1;
				MTL_ENABLE_DEBUG_INFO = YES;
				ONLY_ACTIVE_ARCH = YES;
				SDKROOT = iphoneos;
				SWIFT_ACTIVE_COMPILATION_CONDITIONS = DEBUG;
				SWIFT_OPTIMIZATION_LEVEL = "-Onone";
			};
			name = Debug;
		};
		D6BDE30F1FD7328700238CE5 /* Release */ = {
			isa = XCBuildConfiguration;
			buildSettings = {
				ALWAYS_SEARCH_USER_PATHS = NO;
				CLANG_ANALYZER_NONNULL = YES;
				CLANG_ANALYZER_NUMBER_OBJECT_CONVERSION = YES_AGGRESSIVE;
				CLANG_CXX_LANGUAGE_STANDARD = "gnu++14";
				CLANG_CXX_LIBRARY = "libc++";
				CLANG_ENABLE_MODULES = YES;
				CLANG_ENABLE_OBJC_ARC = YES;
				CLANG_WARN_BLOCK_CAPTURE_AUTORELEASING = YES;
				CLANG_WARN_BOOL_CONVERSION = YES;
				CLANG_WARN_COMMA = YES;
				CLANG_WARN_CONSTANT_CONVERSION = YES;
				CLANG_WARN_DIRECT_OBJC_ISA_USAGE = YES_ERROR;
				CLANG_WARN_DOCUMENTATION_COMMENTS = YES;
				CLANG_WARN_EMPTY_BODY = YES;
				CLANG_WARN_ENUM_CONVERSION = YES;
				CLANG_WARN_INFINITE_RECURSION = YES;
				CLANG_WARN_INT_CONVERSION = YES;
				CLANG_WARN_NON_LITERAL_NULL_CONVERSION = YES;
				CLANG_WARN_OBJC_LITERAL_CONVERSION = YES;
				CLANG_WARN_OBJC_ROOT_CLASS = YES_ERROR;
				CLANG_WARN_RANGE_LOOP_ANALYSIS = YES;
				CLANG_WARN_STRICT_PROTOTYPES = YES;
				CLANG_WARN_SUSPICIOUS_MOVE = YES;
				CLANG_WARN_UNGUARDED_AVAILABILITY = YES_AGGRESSIVE;
				CLANG_WARN_UNREACHABLE_CODE = YES;
				CLANG_WARN__DUPLICATE_METHOD_MATCH = YES;
				CODE_SIGN_IDENTITY = "iPhone Developer";
				COPY_PHASE_STRIP = NO;
				DEBUG_INFORMATION_FORMAT = "dwarf-with-dsym";
				ENABLE_NS_ASSERTIONS = NO;
				ENABLE_STRICT_OBJC_MSGSEND = YES;
				GCC_C_LANGUAGE_STANDARD = gnu11;
				GCC_NO_COMMON_BLOCKS = YES;
				GCC_WARN_64_TO_32_BIT_CONVERSION = YES;
				GCC_WARN_ABOUT_RETURN_TYPE = YES_ERROR;
				GCC_WARN_UNDECLARED_SELECTOR = YES;
				GCC_WARN_UNINITIALIZED_AUTOS = YES_AGGRESSIVE;
				GCC_WARN_UNUSED_FUNCTION = YES;
				GCC_WARN_UNUSED_VARIABLE = YES;
				IPHONEOS_DEPLOYMENT_TARGET = 11.1;
				MTL_ENABLE_DEBUG_INFO = NO;
				SDKROOT = iphoneos;
				SWIFT_OPTIMIZATION_LEVEL = "-Owholemodule";
				VALIDATE_PRODUCT = YES;
			};
			name = Release;
		};
		D6BDE3111FD7328700238CE5 /* Debug */ = {
			isa = XCBuildConfiguration;
			baseConfigurationReference = CD6A9961D3D3037CCCF51845 /* Pods-AdrianTest.debug.xcconfig */;
			buildSettings = {
				ASSETCATALOG_COMPILER_APPICON_NAME = AppIcon;
				CODE_SIGN_STYLE = Automatic;
				INFOPLIST_FILE = AdrianTest/Info.plist;
				LD_RUNPATH_SEARCH_PATHS = "$(inherited) @executable_path/Frameworks";
				PRODUCT_BUNDLE_IDENTIFIER = com.loon.lab.AdrianTest;
				PRODUCT_NAME = "$(TARGET_NAME)";
				SWIFT_VERSION = 4.0;
				TARGETED_DEVICE_FAMILY = "1,2";
			};
			name = Debug;
		};
		D6BDE3121FD7328700238CE5 /* Release */ = {
			isa = XCBuildConfiguration;
			baseConfigurationReference = 1106EFC48E1E2DCADA2FC6E3 /* Pods-AdrianTest.release.xcconfig */;
			buildSettings = {
				ASSETCATALOG_COMPILER_APPICON_NAME = AppIcon;
				CODE_SIGN_STYLE = Automatic;
				INFOPLIST_FILE = AdrianTest/Info.plist;
				LD_RUNPATH_SEARCH_PATHS = "$(inherited) @executable_path/Frameworks";
				PRODUCT_BUNDLE_IDENTIFIER = com.loon.lab.AdrianTest;
				PRODUCT_NAME = "$(TARGET_NAME)";
				SWIFT_VERSION = 4.0;
				TARGETED_DEVICE_FAMILY = "1,2";
			};
			name = Release;
		};
		D6BDE3141FD7328700238CE5 /* Debug */ = {
			isa = XCBuildConfiguration;
			baseConfigurationReference = 2F788FBF7A99608048BF532D /* Pods-AdrianTestTests.debug.xcconfig */;
			buildSettings = {
				ALWAYS_EMBED_SWIFT_STANDARD_LIBRARIES = YES;
				BUNDLE_LOADER = "$(TEST_HOST)";
				CODE_SIGN_STYLE = Automatic;
				INFOPLIST_FILE = AdrianTestTests/Info.plist;
				LD_RUNPATH_SEARCH_PATHS = "$(inherited) @executable_path/Frameworks @loader_path/Frameworks";
				PRODUCT_BUNDLE_IDENTIFIER = com.loon.lab.AdrianTestTests;
				PRODUCT_NAME = "$(TARGET_NAME)";
				SWIFT_VERSION = 4.0;
				TARGETED_DEVICE_FAMILY = "1,2";
				TEST_HOST = "$(BUILT_PRODUCTS_DIR)/AdrianTest.app/AdrianTest";
			};
			name = Debug;
		};
		D6BDE3151FD7328700238CE5 /* Release */ = {
			isa = XCBuildConfiguration;
			baseConfigurationReference = 00FF06BF4BBECB5DCA3E46C6 /* Pods-AdrianTestTests.release.xcconfig */;
			buildSettings = {
				ALWAYS_EMBED_SWIFT_STANDARD_LIBRARIES = YES;
				BUNDLE_LOADER = "$(TEST_HOST)";
				CODE_SIGN_STYLE = Automatic;
				INFOPLIST_FILE = AdrianTestTests/Info.plist;
				LD_RUNPATH_SEARCH_PATHS = "$(inherited) @executable_path/Frameworks @loader_path/Frameworks";
				PRODUCT_BUNDLE_IDENTIFIER = com.loon.lab.AdrianTestTests;
				PRODUCT_NAME = "$(TARGET_NAME)";
				SWIFT_VERSION = 4.0;
				TARGETED_DEVICE_FAMILY = "1,2";
				TEST_HOST = "$(BUILT_PRODUCTS_DIR)/AdrianTest.app/AdrianTest";
			};
			name = Release;
		};
		D6BDE3171FD7328700238CE5 /* Debug */ = {
			isa = XCBuildConfiguration;
			baseConfigurationReference = 233F0B29B9C9DFA13B66B847 /* Pods-AdrianTestUITests.debug.xcconfig */;
			buildSettings = {
				ALWAYS_EMBED_SWIFT_STANDARD_LIBRARIES = YES;
				CODE_SIGN_STYLE = Automatic;
				INFOPLIST_FILE = AdrianTestUITests/Info.plist;
				LD_RUNPATH_SEARCH_PATHS = "$(inherited) @executable_path/Frameworks @loader_path/Frameworks";
				PRODUCT_BUNDLE_IDENTIFIER = com.loon.lab.AdrianTestUITests;
				PRODUCT_NAME = "$(TARGET_NAME)";
				SWIFT_VERSION = 4.0;
				TARGETED_DEVICE_FAMILY = "1,2";
				TEST_TARGET_NAME = AdrianTest;
			};
			name = Debug;
		};
		D6BDE3181FD7328700238CE5 /* Release */ = {
			isa = XCBuildConfiguration;
			baseConfigurationReference = 802317DFC6C497AF75E47372 /* Pods-AdrianTestUITests.release.xcconfig */;
			buildSettings = {
				ALWAYS_EMBED_SWIFT_STANDARD_LIBRARIES = YES;
				CODE_SIGN_STYLE = Automatic;
				INFOPLIST_FILE = AdrianTestUITests/Info.plist;
				LD_RUNPATH_SEARCH_PATHS = "$(inherited) @executable_path/Frameworks @loader_path/Frameworks";
				PRODUCT_BUNDLE_IDENTIFIER = com.loon.lab.AdrianTestUITests;
				PRODUCT_NAME = "$(TARGET_NAME)";
				SWIFT_VERSION = 4.0;
				TARGETED_DEVICE_FAMILY = "1,2";
				TEST_TARGET_NAME = AdrianTest;
			};
			name = Release;
		};
/* End XCBuildConfiguration section */

/* Begin XCConfigurationList section */
		D6BDE2E31FD7328600238CE5 /* Build configuration list for PBXProject "AdrianTest" */ = {
			isa = XCConfigurationList;
			buildConfigurations = (
				D6BDE30E1FD7328700238CE5 /* Debug */,
				D6BDE30F1FD7328700238CE5 /* Release */,
			);
			defaultConfigurationIsVisible = 0;
			defaultConfigurationName = Release;
		};
		D6BDE3101FD7328700238CE5 /* Build configuration list for PBXNativeTarget "AdrianTest" */ = {
			isa = XCConfigurationList;
			buildConfigurations = (
				D6BDE3111FD7328700238CE5 /* Debug */,
				D6BDE3121FD7328700238CE5 /* Release */,
			);
			defaultConfigurationIsVisible = 0;
			defaultConfigurationName = Release;
		};
		D6BDE3131FD7328700238CE5 /* Build configuration list for PBXNativeTarget "AdrianTestTests" */ = {
			isa = XCConfigurationList;
			buildConfigurations = (
				D6BDE3141FD7328700238CE5 /* Debug */,
				D6BDE3151FD7328700238CE5 /* Release */,
			);
			defaultConfigurationIsVisible = 0;
			defaultConfigurationName = Release;
		};
		D6BDE3161FD7328700238CE5 /* Build configuration list for PBXNativeTarget "AdrianTestUITests" */ = {
			isa = XCConfigurationList;
			buildConfigurations = (
				D6BDE3171FD7328700238CE5 /* Debug */,
				D6BDE3181FD7328700238CE5 /* Release */,
			);
			defaultConfigurationIsVisible = 0;
			defaultConfigurationName = Release;
		};
/* End XCConfigurationList section */
	};
	rootObject = D6BDE2E01FD7328600238CE5 /* Project object */;
}
